
Microsoft Visual Studio Solution File, Format Version 12.00
# Visual Studio Version 17
VisualStudioVersion = 17.4.33213.308
MinimumVisualStudioVersion = 10.0.40219.1
Project("{9A19103F-16F7-4668-BE54-9A1E7A4F7556}") = "Week2", "Week2\Week2.csproj", "{63F19B92-4B83-4CC1-9A7F-258FA30B1F25}"
EndProject
Project("{9A19103F-16F7-4668-BE54-9A1E7A4F7556}") = "UserGenderValidation", "UserAgeValidation\UserGenderValidation.csproj", "{A476EA69-4267-45C7-8298-D70E43DC1686}"
EndProject
Project("{FAE04EC0-301F-11D3-BF4B-00C04F79EFBC}") = "UserAgeValidation1", "UserAgeValidation1\UserAgeValidation1.csproj", "{FF82023D-DA7C-44E0-B220-54B3EA8FB14F}"
EndProject
Global
	GlobalSection(SolutionConfigurationPlatforms) = preSolution
		Debug|Any CPU = Debug|Any CPU
		Release|Any CPU = Release|Any CPU
	EndGlobalSection
	GlobalSection(ProjectConfigurationPlatforms) = postSolution
		{63F19B92-4B83-4CC1-9A7F-258FA30B1F25}.Debug|Any CPU.ActiveCfg = Debug|Any CPU
		{63F19B92-4B83-4CC1-9A7F-258FA30B1F25}.Debug|Any CPU.Build.0 = Debug|Any CPU
		{63F19B92-4B83-4CC1-9A7F-258FA30B1F25}.Release|Any CPU.ActiveCfg = Release|Any CPU
		{63F19B92-4B83-4CC1-9A7F-258FA30B1F25}.Release|Any CPU.Build.0 = Release|Any CPU
		{A476EA69-4267-45C7-8298-D70E43DC1686}.Debug|Any CPU.ActiveCfg = Debug|Any CPU
		{A476EA69-4267-45C7-8298-D70E43DC1686}.Debug|Any CPU.Build.0 = Debug|Any CPU
		{A476EA69-4267-45C7-8298-D70E43DC1686}.Release|Any CPU.ActiveCfg = Release|Any CPU
		{A476EA69-4267-45C7-8298-D70E43DC1686}.Release|Any CPU.Build.0 = Release|Any CPU
		{FF82023D-DA7C-44E0-B220-54B3EA8FB14F}.Debug|Any CPU.ActiveCfg = Debug|Any CPU
		{FF82023D-DA7C-44E0-B220-54B3EA8FB14F}.Debug|Any CPU.Build.0 = Debug|Any CPU
		{FF82023D-DA7C-44E0-B220-54B3EA8FB14F}.Release|Any CPU.ActiveCfg = Release|Any CPU
		{FF82023D-DA7C-44E0-B220-54B3EA8FB14F}.Release|Any CPU.Build.0 = Release|Any CPU
	EndGlobalSection
	GlobalSection(SolutionProperties) = preSolution
		HideSolutionNode = FALSE
	EndGlobalSection
	GlobalSection(ExtensibilityGlobals) = postSolution
		SolutionGuid = {0577F81C-1D4B-4FF4-A71D-6FB5B2FB97C4}
	EndGlobalSection
EndGlobal
